
Microsoft Visual Studio Solution File, Format Version 12.00
# Visual Studio Version 16
VisualStudioVersion = 16.0.29318.209
MinimumVisualStudioVersion = 10.0.40219.1
Project("{FAE04EC0-301F-11D3-BF4B-00C04F79EFBC}") = "RC4", "RC4.csproj", "{6E75B310-E280-49CC-AAD7-6BB96A9F1AD1}"
EndProject
Global
	GlobalSection(SolutionConfigurationPlatforms) = preSolution
		Debug|Any CPU = Debug|Any CPU
		Release|Any CPU = Release|Any CPU
	EndGlobalSection
	GlobalSection(ProjectConfigurationPlatforms) = postSolution
		{6E75B310-E280-49CC-AAD7-6BB96A9F1AD1}.Debug|Any CPU.ActiveCfg = Debug|Any CPU
		{6E75B310-E280-49CC-AAD7-6BB96A9F1AD1}.Debug|Any CPU.Build.0 = Debug|Any CPU
		{6E75B310-E280-49CC-AAD7-6BB96A9F1AD1}.Release|Any CPU.ActiveCfg = Release|Any CPU
		{6E75B310-E280-49CC-AAD7-6BB96A9F1AD1}.Release|Any CPU.Build.0 = Release|Any CPU
	EndGlobalSection
	GlobalSection(SolutionProperties) = preSolution
		HideSolutionNode = FALSE
	EndGlobalSection
	GlobalSection(ExtensibilityGlobals) = postSolution
		SolutionGuid = {365D05B6-A29F-4CDD-8298-01BCC8B43D49}
	EndGlobalSection
EndGlobal
