
Microsoft Visual Studio Solution File, Format Version 12.00
# Visual Studio Version 16
VisualStudioVersion = 16.0.29306.81
MinimumVisualStudioVersion = 10.0.40219.1
Project("{FAE04EC0-301F-11D3-BF4B-00C04F79EFBC}") = "NetworkSecurity1", "NetworkSecurity1.csproj", "{6C22C8C7-19F1-44B4-8806-864F463555DE}"
EndProject
Global
	GlobalSection(SolutionConfigurationPlatforms) = preSolution
		Debug|Any CPU = Debug|Any CPU
		Release|Any CPU = Release|Any CPU
	EndGlobalSection
	GlobalSection(ProjectConfigurationPlatforms) = postSolution
		{6C22C8C7-19F1-44B4-8806-864F463555DE}.Debug|Any CPU.ActiveCfg = Debug|Any CPU
		{6C22C8C7-19F1-44B4-8806-864F463555DE}.Debug|Any CPU.Build.0 = Debug|Any CPU
		{6C22C8C7-19F1-44B4-8806-864F463555DE}.Release|Any CPU.ActiveCfg = Release|Any CPU
		{6C22C8C7-19F1-44B4-8806-864F463555DE}.Release|Any CPU.Build.0 = Release|Any CPU
	EndGlobalSection
	GlobalSection(SolutionProperties) = preSolution
		HideSolutionNode = FALSE
	EndGlobalSection
	GlobalSection(ExtensibilityGlobals) = postSolution
		SolutionGuid = {403B66C7-B784-4E21-A491-687E98754E24}
	EndGlobalSection
EndGlobal
