
Microsoft Visual Studio Solution File, Format Version 12.00
# Visual Studio Version 16
VisualStudioVersion = 16.0.29318.209
MinimumVisualStudioVersion = 10.0.40219.1
Project("{888888A0-9F3D-457C-B088-3A5042F75D52}") = "NetworkSecurityLab1", "NetworkSecurityLab1.pyproj", "{EA7BF970-722F-494B-903A-5BBC1AAD9310}"
EndProject
Global
	GlobalSection(SolutionConfigurationPlatforms) = preSolution
		Debug|Any CPU = Debug|Any CPU
		Release|Any CPU = Release|Any CPU
	EndGlobalSection
	GlobalSection(ProjectConfigurationPlatforms) = postSolution
		{EA7BF970-722F-494B-903A-5BBC1AAD9310}.Debug|Any CPU.ActiveCfg = Debug|Any CPU
		{EA7BF970-722F-494B-903A-5BBC1AAD9310}.Release|Any CPU.ActiveCfg = Release|Any CPU
	EndGlobalSection
	GlobalSection(SolutionProperties) = preSolution
		HideSolutionNode = FALSE
	EndGlobalSection
	GlobalSection(ExtensibilityGlobals) = postSolution
		SolutionGuid = {7D08F5B8-81B6-4376-9F84-80DAB64AFC72}
	EndGlobalSection
EndGlobal
