
Microsoft Visual Studio Solution File, Format Version 12.00
# Visual Studio Version 16
VisualStudioVersion = 16.0.29318.209
MinimumVisualStudioVersion = 10.0.40219.1
Project("{888888A0-9F3D-457C-B088-3A5042F75D52}") = "TriplettEthanLab2", "TriplettEthanLab2.pyproj", "{1F69C42F-4642-49F7-B8FE-5DA1F93BB392}"
EndProject
Project("{888888A0-9F3D-457C-B088-3A5042F75D52}") = "OneTimePad", "..\OneTimePad\OneTimePad.pyproj", "{1E563FFF-DD98-4FDA-9700-009210C842BA}"
EndProject
Global
	GlobalSection(SolutionConfigurationPlatforms) = preSolution
		Debug|Any CPU = Debug|Any CPU
		Release|Any CPU = Release|Any CPU
	EndGlobalSection
	GlobalSection(ProjectConfigurationPlatforms) = postSolution
		{1F69C42F-4642-49F7-B8FE-5DA1F93BB392}.Debug|Any CPU.ActiveCfg = Debug|Any CPU
		{1F69C42F-4642-49F7-B8FE-5DA1F93BB392}.Release|Any CPU.ActiveCfg = Release|Any CPU
		{1E563FFF-DD98-4FDA-9700-009210C842BA}.Debug|Any CPU.ActiveCfg = Debug|Any CPU
		{1E563FFF-DD98-4FDA-9700-009210C842BA}.Release|Any CPU.ActiveCfg = Release|Any CPU
	EndGlobalSection
	GlobalSection(SolutionProperties) = preSolution
		HideSolutionNode = FALSE
	EndGlobalSection
	GlobalSection(ExtensibilityGlobals) = postSolution
		SolutionGuid = {D6328534-84A5-4865-BFC5-8637C678CB59}
	EndGlobalSection
EndGlobal
